// !$*UTF8*$!
{
	archiveVersion = 1;
	classes = {
	};
	objectVersion = 50;
	objects = {

/* Begin PBXBuildFile section */
		7AB41F8CE8468A4651D45141 /* Pods_JobCoinClouser.framework in Frameworks */ = {isa = PBXBuildFile; fileRef = 82B69BB5F7E35FB0EA1939DC /* Pods_JobCoinClouser.framework */; };
		AB709551232D251A00D488C3 /* AddressBalanceCell.swift in Sources */ = {isa = PBXBuildFile; fileRef = AB709550232D251A00D488C3 /* AddressBalanceCell.swift */; };
		AB709553232D2E9B00D488C3 /* TransactionCell.swift in Sources */ = {isa = PBXBuildFile; fileRef = AB709552232D2E9B00D488C3 /* TransactionCell.swift */; };
		AB709555232D374F00D488C3 /* BalanceHistoryGraphCell.swift in Sources */ = {isa = PBXBuildFile; fileRef = AB709554232D374F00D488C3 /* BalanceHistoryGraphCell.swift */; };
		AB709557232E828F00D488C3 /* DateClient.swift in Sources */ = {isa = PBXBuildFile; fileRef = AB709556232E828F00D488C3 /* DateClient.swift */; };
		AB746E33232F2EFE00D98304 /* BDCStockChart.swift in Sources */ = {isa = PBXBuildFile; fileRef = AB746E32232F2EFE00D98304 /* BDCStockChart.swift */; };
		ABBAC631232C15B4008061DD /* AppDelegate.swift in Sources */ = {isa = PBXBuildFile; fileRef = ABBAC630232C15B4008061DD /* AppDelegate.swift */; };
		ABBAC633232C15B4008061DD /* SignInVC.swift in Sources */ = {isa = PBXBuildFile; fileRef = ABBAC632232C15B4008061DD /* SignInVC.swift */; };
		ABBAC636232C15B4008061DD /* Main.storyboard in Resources */ = {isa = PBXBuildFile; fileRef = ABBAC634232C15B4008061DD /* Main.storyboard */; };
		ABBAC638232C15B9008061DD /* Assets.xcassets in Resources */ = {isa = PBXBuildFile; fileRef = ABBAC637232C15B9008061DD /* Assets.xcassets */; };
		ABBAC63B232C15B9008061DD /* LaunchScreen.storyboard in Resources */ = {isa = PBXBuildFile; fileRef = ABBAC639232C15B9008061DD /* LaunchScreen.storyboard */; };
		ABBAC643232C1B73008061DD /* JobCoinAPIClient.swift in Sources */ = {isa = PBXBuildFile; fileRef = ABBAC642232C1B73008061DD /* JobCoinAPIClient.swift */; };
		ABD24330232FB3FF00576F97 /* JobcoinChartView.swift in Sources */ = {isa = PBXBuildFile; fileRef = ABD2432F232FB3FF00576F97 /* JobcoinChartView.swift */; };
		ABD24332232FE31B00576F97 /* ColorScheme.swift in Sources */ = {isa = PBXBuildFile; fileRef = ABD24331232FE31B00576F97 /* ColorScheme.swift */; };
		ABD24334232FE9F200576F97 /* SendCoinVC.swift in Sources */ = {isa = PBXBuildFile; fileRef = ABD24333232FE9F200576F97 /* SendCoinVC.swift */; };
		ABD24336232FFC7600576F97 /* SendConfirmationVC.swift in Sources */ = {isa = PBXBuildFile; fileRef = ABD24335232FFC7600576F97 /* SendConfirmationVC.swift */; };
		ABF398FF232C219D00CFCE73 /* User.swift in Sources */ = {isa = PBXBuildFile; fileRef = ABF398FE232C219D00CFCE73 /* User.swift */; };
		ABF39903232C8AC800CFCE73 /* UserVC.swift in Sources */ = {isa = PBXBuildFile; fileRef = ABF39902232C8AC800CFCE73 /* UserVC.swift */; };
/* End PBXBuildFile section */

/* Begin PBXFileReference section */
		12ACA5DD8FA5CF4DA0D461D1 /* Pods-JobCoinClouser.release.xcconfig */ = {isa = PBXFileReference; includeInIndex = 1; lastKnownFileType = text.xcconfig; name = "Pods-JobCoinClouser.release.xcconfig"; path = "Pods/Target Support Files/Pods-JobCoinClouser/Pods-JobCoinClouser.release.xcconfig"; sourceTree = "<group>"; };
		82B69BB5F7E35FB0EA1939DC /* Pods_JobCoinClouser.framework */ = {isa = PBXFileReference; explicitFileType = wrapper.framework; includeInIndex = 0; path = Pods_JobCoinClouser.framework; sourceTree = BUILT_PRODUCTS_DIR; };
		AB709550232D251A00D488C3 /* AddressBalanceCell.swift */ = {isa = PBXFileReference; lastKnownFileType = sourcecode.swift; path = AddressBalanceCell.swift; sourceTree = "<group>"; };
		AB709552232D2E9B00D488C3 /* TransactionCell.swift */ = {isa = PBXFileReference; lastKnownFileType = sourcecode.swift; path = TransactionCell.swift; sourceTree = "<group>"; };
		AB709554232D374F00D488C3 /* BalanceHistoryGraphCell.swift */ = {isa = PBXFileReference; lastKnownFileType = sourcecode.swift; path = BalanceHistoryGraphCell.swift; sourceTree = "<group>"; };
		AB709556232E828F00D488C3 /* DateClient.swift */ = {isa = PBXFileReference; lastKnownFileType = sourcecode.swift; path = DateClient.swift; sourceTree = "<group>"; };
		AB746E32232F2EFE00D98304 /* BDCStockChart.swift */ = {isa = PBXFileReference; fileEncoding = 4; lastKnownFileType = sourcecode.swift; path = BDCStockChart.swift; sourceTree = "<group>"; };
		ABBAC62D232C15B4008061DD /* JobCoinClouser.app */ = {isa = PBXFileReference; explicitFileType = wrapper.application; includeInIndex = 0; path = JobCoinClouser.app; sourceTree = BUILT_PRODUCTS_DIR; };
		ABBAC630232C15B4008061DD /* AppDelegate.swift */ = {isa = PBXFileReference; lastKnownFileType = sourcecode.swift; path = AppDelegate.swift; sourceTree = "<group>"; };
		ABBAC632232C15B4008061DD /* SignInVC.swift */ = {isa = PBXFileReference; lastKnownFileType = sourcecode.swift; path = SignInVC.swift; sourceTree = "<group>"; };
		ABBAC635232C15B4008061DD /* Base */ = {isa = PBXFileReference; lastKnownFileType = file.storyboard; name = Base; path = Base.lproj/Main.storyboard; sourceTree = "<group>"; };
		ABBAC637232C15B9008061DD /* Assets.xcassets */ = {isa = PBXFileReference; lastKnownFileType = folder.assetcatalog; path = Assets.xcassets; sourceTree = "<group>"; };
		ABBAC63A232C15B9008061DD /* Base */ = {isa = PBXFileReference; lastKnownFileType = file.storyboard; name = Base; path = Base.lproj/LaunchScreen.storyboard; sourceTree = "<group>"; };
		ABBAC63C232C15B9008061DD /* Info.plist */ = {isa = PBXFileReference; lastKnownFileType = text.plist.xml; path = Info.plist; sourceTree = "<group>"; };
		ABBAC642232C1B73008061DD /* JobCoinAPIClient.swift */ = {isa = PBXFileReference; lastKnownFileType = sourcecode.swift; path = JobCoinAPIClient.swift; sourceTree = "<group>"; };
		ABD2432F232FB3FF00576F97 /* JobcoinChartView.swift */ = {isa = PBXFileReference; lastKnownFileType = sourcecode.swift; path = JobcoinChartView.swift; sourceTree = "<group>"; };
		ABD24331232FE31B00576F97 /* ColorScheme.swift */ = {isa = PBXFileReference; lastKnownFileType = sourcecode.swift; path = ColorScheme.swift; sourceTree = "<group>"; };
		ABD24333232FE9F200576F97 /* SendCoinVC.swift */ = {isa = PBXFileReference; lastKnownFileType = sourcecode.swift; path = SendCoinVC.swift; sourceTree = "<group>"; };
		ABD24335232FFC7600576F97 /* SendConfirmationVC.swift */ = {isa = PBXFileReference; lastKnownFileType = sourcecode.swift; path = SendConfirmationVC.swift; sourceTree = "<group>"; };
		ABF398FE232C219D00CFCE73 /* User.swift */ = {isa = PBXFileReference; lastKnownFileType = sourcecode.swift; path = User.swift; sourceTree = "<group>"; };
		ABF39902232C8AC800CFCE73 /* UserVC.swift */ = {isa = PBXFileReference; lastKnownFileType = sourcecode.swift; path = UserVC.swift; sourceTree = "<group>"; };
		F40AF87870A5E7F0A1ED89B4 /* Pods-JobCoinClouser.debug.xcconfig */ = {isa = PBXFileReference; includeInIndex = 1; lastKnownFileType = text.xcconfig; name = "Pods-JobCoinClouser.debug.xcconfig"; path = "Pods/Target Support Files/Pods-JobCoinClouser/Pods-JobCoinClouser.debug.xcconfig"; sourceTree = "<group>"; };
/* End PBXFileReference section */

/* Begin PBXFrameworksBuildPhase section */
		ABBAC62A232C15B4008061DD /* Frameworks */ = {
			isa = PBXFrameworksBuildPhase;
			buildActionMask = 2147483647;
			files = (
				7AB41F8CE8468A4651D45141 /* Pods_JobCoinClouser.framework in Frameworks */,
			);
			runOnlyForDeploymentPostprocessing = 0;
		};
/* End PBXFrameworksBuildPhase section */

/* Begin PBXGroup section */
		5B1A1317419BFE88E2546D0B /* Frameworks */ = {
			isa = PBXGroup;
			children = (
				82B69BB5F7E35FB0EA1939DC /* Pods_JobCoinClouser.framework */,
			);
			name = Frameworks;
			sourceTree = "<group>";
		};
		7FC531D0E8B3A704EA750523 /* Pods */ = {
			isa = PBXGroup;
			children = (
				F40AF87870A5E7F0A1ED89B4 /* Pods-JobCoinClouser.debug.xcconfig */,
				12ACA5DD8FA5CF4DA0D461D1 /* Pods-JobCoinClouser.release.xcconfig */,
			);
			name = Pods;
			sourceTree = "<group>";
		};
		ABBAC624232C15B4008061DD = {
			isa = PBXGroup;
			children = (
				ABBAC62F232C15B4008061DD /* JobCoinClouser */,
				ABBAC62E232C15B4008061DD /* Products */,
				7FC531D0E8B3A704EA750523 /* Pods */,
				5B1A1317419BFE88E2546D0B /* Frameworks */,
			);
			sourceTree = "<group>";
		};
		ABBAC62E232C15B4008061DD /* Products */ = {
			isa = PBXGroup;
			children = (
				ABBAC62D232C15B4008061DD /* JobCoinClouser.app */,
			);
			name = Products;
			sourceTree = "<group>";
		};
		ABBAC62F232C15B4008061DD /* JobCoinClouser */ = {
			isa = PBXGroup;
			children = (
				ABBAC630232C15B4008061DD /* AppDelegate.swift */,
				ABBAC632232C15B4008061DD /* SignInVC.swift */,
				ABF39902232C8AC800CFCE73 /* UserVC.swift */,
				ABD24333232FE9F200576F97 /* SendCoinVC.swift */,
				ABD24335232FFC7600576F97 /* SendConfirmationVC.swift */,
				ABD24331232FE31B00576F97 /* ColorScheme.swift */,
				AB709556232E828F00D488C3 /* DateClient.swift */,
				ABD2432F232FB3FF00576F97 /* JobcoinChartView.swift */,
				AB746E32232F2EFE00D98304 /* BDCStockChart.swift */,
				AB709550232D251A00D488C3 /* AddressBalanceCell.swift */,
				AB709552232D2E9B00D488C3 /* TransactionCell.swift */,
				AB709554232D374F00D488C3 /* BalanceHistoryGraphCell.swift */,
				ABF398FE232C219D00CFCE73 /* User.swift */,
				ABBAC642232C1B73008061DD /* JobCoinAPIClient.swift */,
				ABBAC634232C15B4008061DD /* Main.storyboard */,
				ABBAC637232C15B9008061DD /* Assets.xcassets */,
				ABBAC639232C15B9008061DD /* LaunchScreen.storyboard */,
				ABBAC63C232C15B9008061DD /* Info.plist */,
			);
			path = JobCoinClouser;
			sourceTree = "<group>";
		};
/* End PBXGroup section */

/* Begin PBXNativeTarget section */
		ABBAC62C232C15B4008061DD /* JobCoinClouser */ = {
			isa = PBXNativeTarget;
			buildConfigurationList = ABBAC63F232C15B9008061DD /* Build configuration list for PBXNativeTarget "JobCoinClouser" */;
			buildPhases = (
				5A7EAD73472A5E8D4B924C29 /* [CP] Check Pods Manifest.lock */,
				ABBAC629232C15B4008061DD /* Sources */,
				ABBAC62A232C15B4008061DD /* Frameworks */,
				ABBAC62B232C15B4008061DD /* Resources */,
				2C4965C9F6C23070572C82F1 /* [CP] Embed Pods Frameworks */,
				3A57F630238E1389E9483DEE /* [CP] Copy Pods Resources */,
			);
			buildRules = (
			);
			dependencies = (
			);
			name = JobCoinClouser;
			productName = JobCoinClouser;
			productReference = ABBAC62D232C15B4008061DD /* JobCoinClouser.app */;
			productType = "com.apple.product-type.application";
		};
/* End PBXNativeTarget section */

/* Begin PBXProject section */
		ABBAC625232C15B4008061DD /* Project object */ = {
			isa = PBXProject;
			attributes = {
				LastSwiftUpdateCheck = 1030;
				LastUpgradeCheck = 1030;
				ORGANIZATIONNAME = "Brian Clouser";
				TargetAttributes = {
					ABBAC62C232C15B4008061DD = {
						CreatedOnToolsVersion = 10.3;
					};
				};
			};
			buildConfigurationList = ABBAC628232C15B4008061DD /* Build configuration list for PBXProject "JobCoinClouser" */;
			compatibilityVersion = "Xcode 9.3";
			developmentRegion = en;
			hasScannedForEncodings = 0;
			knownRegions = (
				en,
				Base,
			);
			mainGroup = ABBAC624232C15B4008061DD;
			productRefGroup = ABBAC62E232C15B4008061DD /* Products */;
			projectDirPath = "";
			projectRoot = "";
			targets = (
				ABBAC62C232C15B4008061DD /* JobCoinClouser */,
			);
		};
/* End PBXProject section */

/* Begin PBXResourcesBuildPhase section */
		ABBAC62B232C15B4008061DD /* Resources */ = {
			isa = PBXResourcesBuildPhase;
			buildActionMask = 2147483647;
			files = (
				ABBAC63B232C15B9008061DD /* LaunchScreen.storyboard in Resources */,
				ABBAC638232C15B9008061DD /* Assets.xcassets in Resources */,
				ABBAC636232C15B4008061DD /* Main.storyboard in Resources */,
			);
			runOnlyForDeploymentPostprocessing = 0;
		};
/* End PBXResourcesBuildPhase section */

/* Begin PBXShellScriptBuildPhase section */
		2C4965C9F6C23070572C82F1 /* [CP] Embed Pods Frameworks */ = {
			isa = PBXShellScriptBuildPhase;
			buildActionMask = 2147483647;
			files = (
			);
			inputFileListPaths = (
			);
			inputPaths = (
				"${SRCROOT}/Pods/Target Support Files/Pods-JobCoinClouser/Pods-JobCoinClouser-frameworks.sh",
				"${BUILT_PRODUCTS_DIR}/Alamofire/Alamofire.framework",
				"${BUILT_PRODUCTS_DIR}/SwiftChart/SwiftChart.framework",
			);
			name = "[CP] Embed Pods Frameworks";
			outputFileListPaths = (
			);
			outputPaths = (
				"${TARGET_BUILD_DIR}/${FRAMEWORKS_FOLDER_PATH}/Alamofire.framework",
				"${TARGET_BUILD_DIR}/${FRAMEWORKS_FOLDER_PATH}/SwiftChart.framework",
			);
			runOnlyForDeploymentPostprocessing = 0;
			shellPath = /bin/sh;
			shellScript = "\"${SRCROOT}/Pods/Target Support Files/Pods-JobCoinClouser/Pods-JobCoinClouser-frameworks.sh\"\n";
			showEnvVarsInLog = 0;
		};
		3A57F630238E1389E9483DEE /* [CP] Copy Pods Resources */ = {
			isa = PBXShellScriptBuildPhase;
			buildActionMask = 2147483647;
			files = (
			);
			inputFileListPaths = (
			);
			inputPaths = (
			);
			name = "[CP] Copy Pods Resources";
			outputFileListPaths = (
			);
			outputPaths = (
			);
			runOnlyForDeploymentPostprocessing = 0;
			shellPath = /bin/sh;
			shellScript = "\"${SRCROOT}/Pods/Target Support Files/Pods-JobCoinClouser/Pods-JobCoinClouser-resources.sh\"\n";
			showEnvVarsInLog = 0;
		};
		5A7EAD73472A5E8D4B924C29 /* [CP] Check Pods Manifest.lock */ = {
			isa = PBXShellScriptBuildPhase;
			buildActionMask = 2147483647;
			files = (
			);
			inputFileListPaths = (
			);
			inputPaths = (
				"${PODS_PODFILE_DIR_PATH}/Podfile.lock",
				"${PODS_ROOT}/Manifest.lock",
			);
			name = "[CP] Check Pods Manifest.lock";
			outputFileListPaths = (
			);
			outputPaths = (
				"$(DERIVED_FILE_DIR)/Pods-JobCoinClouser-checkManifestLockResult.txt",
			);
			runOnlyForDeploymentPostprocessing = 0;
			shellPath = /bin/sh;
			shellScript = "diff \"${PODS_PODFILE_DIR_PATH}/Podfile.lock\" \"${PODS_ROOT}/Manifest.lock\" > /dev/null\nif [ $? != 0 ] ; then\n    # print error to STDERR\n    echo \"error: The sandbox is not in sync with the Podfile.lock. Run 'pod install' or update your CocoaPods installation.\" >&2\n    exit 1\nfi\n# This output is used by Xcode 'outputs' to avoid re-running this script phase.\necho \"SUCCESS\" > \"${SCRIPT_OUTPUT_FILE_0}\"\n";
			showEnvVarsInLog = 0;
		};
/* End PBXShellScriptBuildPhase section */

/* Begin PBXSourcesBuildPhase section */
		ABBAC629232C15B4008061DD /* Sources */ = {
			isa = PBXSourcesBuildPhase;
			buildActionMask = 2147483647;
			files = (
				AB709553232D2E9B00D488C3 /* TransactionCell.swift in Sources */,
				ABD24334232FE9F200576F97 /* SendCoinVC.swift in Sources */,
				ABD24330232FB3FF00576F97 /* JobcoinChartView.swift in Sources */,
				ABF398FF232C219D00CFCE73 /* User.swift in Sources */,
				AB709555232D374F00D488C3 /* BalanceHistoryGraphCell.swift in Sources */,
				ABD24332232FE31B00576F97 /* ColorScheme.swift in Sources */,
				ABF39903232C8AC800CFCE73 /* UserVC.swift in Sources */,
				ABBAC633232C15B4008061DD /* SignInVC.swift in Sources */,
				AB746E33232F2EFE00D98304 /* BDCStockChart.swift in Sources */,
				ABBAC631232C15B4008061DD /* AppDelegate.swift in Sources */,
				AB709557232E828F00D488C3 /* DateClient.swift in Sources */,
				ABBAC643232C1B73008061DD /* JobCoinAPIClient.swift in Sources */,
				AB709551232D251A00D488C3 /* AddressBalanceCell.swift in Sources */,
				ABD24336232FFC7600576F97 /* SendConfirmationVC.swift in Sources */,
			);
			runOnlyForDeploymentPostprocessing = 0;
		};
/* End PBXSourcesBuildPhase section */

/* Begin PBXVariantGroup section */
		ABBAC634232C15B4008061DD /* Main.storyboard */ = {
			isa = PBXVariantGroup;
			children = (
				ABBAC635232C15B4008061DD /* Base */,
			);
			name = Main.storyboard;
			sourceTree = "<group>";
		};
		ABBAC639232C15B9008061DD /* LaunchScreen.storyboard */ = {
			isa = PBXVariantGroup;
			children = (
				ABBAC63A232C15B9008061DD /* Base */,
			);
			name = LaunchScreen.storyboard;
			sourceTree = "<group>";
		};
/* End PBXVariantGroup section */

/* Begin XCBuildConfiguration section */
		ABBAC63D232C15B9008061DD /* Debug */ = {
			isa = XCBuildConfiguration;
			buildSettings = {
				ALWAYS_SEARCH_USER_PATHS = NO;
				CLANG_ANALYZER_NONNULL = YES;
				CLANG_ANALYZER_NUMBER_OBJECT_CONVERSION = YES_AGGRESSIVE;
				CLANG_CXX_LANGUAGE_STANDARD = "gnu++14";
				CLANG_CXX_LIBRARY = "libc++";
				CLANG_ENABLE_MODULES = YES;
				CLANG_ENABLE_OBJC_ARC = YES;
				CLANG_ENABLE_OBJC_WEAK = YES;
				CLANG_WARN_BLOCK_CAPTURE_AUTORELEASING = YES;
				CLANG_WARN_BOOL_CONVERSION = YES;
				CLANG_WARN_COMMA = YES;
				CLANG_WARN_CONSTANT_CONVERSION = YES;
				CLANG_WARN_DEPRECATED_OBJC_IMPLEMENTATIONS = YES;
				CLANG_WARN_DIRECT_OBJC_ISA_USAGE = YES_ERROR;
				CLANG_WARN_DOCUMENTATION_COMMENTS = YES;
				CLANG_WARN_EMPTY_BODY = YES;
				CLANG_WARN_ENUM_CONVERSION = YES;
				CLANG_WARN_INFINITE_RECURSION = YES;
				CLANG_WARN_INT_CONVERSION = YES;
				CLANG_WARN_NON_LITERAL_NULL_CONVERSION = YES;
				CLANG_WARN_OBJC_IMPLICIT_RETAIN_SELF = YES;
				CLANG_WARN_OBJC_LITERAL_CONVERSION = YES;
				CLANG_WARN_OBJC_ROOT_CLASS = YES_ERROR;
				CLANG_WARN_RANGE_LOOP_ANALYSIS = YES;
				CLANG_WARN_STRICT_PROTOTYPES = YES;
				CLANG_WARN_SUSPICIOUS_MOVE = YES;
				CLANG_WARN_UNGUARDED_AVAILABILITY = YES_AGGRESSIVE;
				CLANG_WARN_UNREACHABLE_CODE = YES;
				CLANG_WARN__DUPLICATE_METHOD_MATCH = YES;
				CODE_SIGN_IDENTITY = "iPhone Developer";
				COPY_PHASE_STRIP = NO;
				DEBUG_INFORMATION_FORMAT = dwarf;
				ENABLE_STRICT_OBJC_MSGSEND = YES;
				ENABLE_TESTABILITY = YES;
				GCC_C_LANGUAGE_STANDARD = gnu11;
				GCC_DYNAMIC_NO_PIC = NO;
				GCC_NO_COMMON_BLOCKS = YES;
				GCC_OPTIMIZATION_LEVEL = 0;
				GCC_PREPROCESSOR_DEFINITIONS = (
					"DEBUG=1",
					"$(inherited)",
				);
				GCC_WARN_64_TO_32_BIT_CONVERSION = YES;
				GCC_WARN_ABOUT_RETURN_TYPE = YES_ERROR;
				GCC_WARN_UNDECLARED_SELECTOR = YES;
				GCC_WARN_UNINITIALIZED_AUTOS = YES_AGGRESSIVE;
				GCC_WARN_UNUSED_FUNCTION = YES;
				GCC_WARN_UNUSED_VARIABLE = YES;
				IPHONEOS_DEPLOYMENT_TARGET = 12.4;
				MTL_ENABLE_DEBUG_INFO = INCLUDE_SOURCE;
				MTL_FAST_MATH = YES;
				ONLY_ACTIVE_ARCH = YES;
				SDKROOT = iphoneos;
				SWIFT_ACTIVE_COMPILATION_CONDITIONS = DEBUG;
				SWIFT_OPTIMIZATION_LEVEL = "-Onone";
			};
			name = Debug;
		};
		ABBAC63E232C15B9008061DD /* Release */ = {
			isa = XCBuildConfiguration;
			buildSettings = {
				ALWAYS_SEARCH_USER_PATHS = NO;
				CLANG_ANALYZER_NONNULL = YES;
				CLANG_ANALYZER_NUMBER_OBJECT_CONVERSION = YES_AGGRESSIVE;
				CLANG_CXX_LANGUAGE_STANDARD = "gnu++14";
				CLANG_CXX_LIBRARY = "libc++";
				CLANG_ENABLE_MODULES = YES;
				CLANG_ENABLE_OBJC_ARC = YES;
				CLANG_ENABLE_OBJC_WEAK = YES;
				CLANG_WARN_BLOCK_CAPTURE_AUTORELEASING = YES;
				CLANG_WARN_BOOL_CONVERSION = YES;
				CLANG_WARN_COMMA = YES;
				CLANG_WARN_CONSTANT_CONVERSION = YES;
				CLANG_WARN_DEPRECATED_OBJC_IMPLEMENTATIONS = YES;
				CLANG_WARN_DIRECT_OBJC_ISA_USAGE = YES_ERROR;
				CLANG_WARN_DOCUMENTATION_COMMENTS = YES;
				CLANG_WARN_EMPTY_BODY = YES;
				CLANG_WARN_ENUM_CONVERSION = YES;
				CLANG_WARN_INFINITE_RECURSION = YES;
				CLANG_WARN_INT_CONVERSION = YES;
				CLANG_WARN_NON_LITERAL_NULL_CONVERSION = YES;
				CLANG_WARN_OBJC_IMPLICIT_RETAIN_SELF = YES;
				CLANG_WARN_OBJC_LITERAL_CONVERSION = YES;
				CLANG_WARN_OBJC_ROOT_CLASS = YES_ERROR;
				CLANG_WARN_RANGE_LOOP_ANALYSIS = YES;
				CLANG_WARN_STRICT_PROTOTYPES = YES;
				CLANG_WARN_SUSPICIOUS_MOVE = YES;
				CLANG_WARN_UNGUARDED_AVAILABILITY = YES_AGGRESSIVE;
				CLANG_WARN_UNREACHABLE_CODE = YES;
				CLANG_WARN__DUPLICATE_METHOD_MATCH = YES;
				CODE_SIGN_IDENTITY = "iPhone Developer";
				COPY_PHASE_STRIP = NO;
				DEBUG_INFORMATION_FORMAT = "dwarf-with-dsym";
				ENABLE_NS_ASSERTIONS = NO;
				ENABLE_STRICT_OBJC_MSGSEND = YES;
				GCC_C_LANGUAGE_STANDARD = gnu11;
				GCC_NO_COMMON_BLOCKS = YES;
				GCC_WARN_64_TO_32_BIT_CONVERSION = YES;
				GCC_WARN_ABOUT_RETURN_TYPE = YES_ERROR;
				GCC_WARN_UNDECLARED_SELECTOR = YES;
				GCC_WARN_UNINITIALIZED_AUTOS = YES_AGGRESSIVE;
				GCC_WARN_UNUSED_FUNCTION = YES;
				GCC_WARN_UNUSED_VARIABLE = YES;
				IPHONEOS_DEPLOYMENT_TARGET = 12.4;
				MTL_ENABLE_DEBUG_INFO = NO;
				MTL_FAST_MATH = YES;
				SDKROOT = iphoneos;
				SWIFT_COMPILATION_MODE = wholemodule;
				SWIFT_OPTIMIZATION_LEVEL = "-O";
				VALIDATE_PRODUCT = YES;
			};
			name = Release;
		};
		ABBAC640232C15B9008061DD /* Debug */ = {
			isa = XCBuildConfiguration;
			baseConfigurationReference = F40AF87870A5E7F0A1ED89B4 /* Pods-JobCoinClouser.debug.xcconfig */;
			buildSettings = {
				ASSETCATALOG_COMPILER_APPICON_NAME = AppIcon;
				CODE_SIGN_STYLE = Automatic;
				DEVELOPMENT_TEAM = WGMLG78T9W;
				INFOPLIST_FILE = JobCoinClouser/Info.plist;
				LD_RUNPATH_SEARCH_PATHS = (
					"$(inherited)",
					"@executable_path/Frameworks",
				);
				PRODUCT_BUNDLE_IDENTIFIER = com.hijinx.JobCoinClouser;
				PRODUCT_NAME = "$(TARGET_NAME)";
				SWIFT_VERSION = 5.0;
				TARGETED_DEVICE_FAMILY = "1,2";
			};
			name = Debug;
		};
		ABBAC641232C15B9008061DD /* Release */ = {
			isa = XCBuildConfiguration;
			baseConfigurationReference = 12ACA5DD8FA5CF4DA0D461D1 /* Pods-JobCoinClouser.release.xcconfig */;
			buildSettings = {
				ASSETCATALOG_COMPILER_APPICON_NAME = AppIcon;
				CODE_SIGN_STYLE = Automatic;
				DEVELOPMENT_TEAM = WGMLG78T9W;
				INFOPLIST_FILE = JobCoinClouser/Info.plist;
				LD_RUNPATH_SEARCH_PATHS = (
					"$(inherited)",
					"@executable_path/Frameworks",
				);
				PRODUCT_BUNDLE_IDENTIFIER = com.hijinx.JobCoinClouser;
				PRODUCT_NAME = "$(TARGET_NAME)";
				SWIFT_VERSION = 5.0;
				TARGETED_DEVICE_FAMILY = "1,2";
			};
			name = Release;
		};
/* End XCBuildConfiguration section */

/* Begin XCConfigurationList section */
		ABBAC628232C15B4008061DD /* Build configuration list for PBXProject "JobCoinClouser" */ = {
			isa = XCConfigurationList;
			buildConfigurations = (
				ABBAC63D232C15B9008061DD /* Debug */,
				ABBAC63E232C15B9008061DD /* Release */,
			);
			defaultConfigurationIsVisible = 0;
			defaultConfigurationName = Release;
		};
		ABBAC63F232C15B9008061DD /* Build configuration list for PBXNativeTarget "JobCoinClouser" */ = {
			isa = XCConfigurationList;
			buildConfigurations = (
				ABBAC640232C15B9008061DD /* Debug */,
				ABBAC641232C15B9008061DD /* Release */,
			);
			defaultConfigurationIsVisible = 0;
			defaultConfigurationName = Release;
		};
/* End XCConfigurationList section */
	};
	rootObject = ABBAC625232C15B4008061DD /* Project object */;
}
